// !$*UTF8*$!
{
	archiveVersion = 1;
	classes = {
	};
	objectVersion = 50;
	objects = {

/* Begin PBXBuildFile section */
		411C558D24030AF20063012C /* GoogleService-Info.plist in Resources */ = {isa = PBXBuildFile; fileRef = 411C558C24030AF20063012C /* GoogleService-Info.plist */; };
		418F0B9A23F7FBE3006BDD44 /* AppDelegate.swift in Sources */ = {isa = PBXBuildFile; fileRef = 418F0B9923F7FBE3006BDD44 /* AppDelegate.swift */; };
		418F0B9C23F7FBE3006BDD44 /* SceneDelegate.swift in Sources */ = {isa = PBXBuildFile; fileRef = 418F0B9B23F7FBE3006BDD44 /* SceneDelegate.swift */; };
		418F0B9E23F7FBE3006BDD44 /* ViewController.swift in Sources */ = {isa = PBXBuildFile; fileRef = 418F0B9D23F7FBE3006BDD44 /* ViewController.swift */; };
		418F0BA123F7FBE3006BDD44 /* Main.storyboard in Resources */ = {isa = PBXBuildFile; fileRef = 418F0B9F23F7FBE3006BDD44 /* Main.storyboard */; };
		418F0BA423F7FBE3006BDD44 /* InstagramClone.xcdatamodeld in Sources */ = {isa = PBXBuildFile; fileRef = 418F0BA223F7FBE3006BDD44 /* InstagramClone.xcdatamodeld */; };
		418F0BA623F7FBE4006BDD44 /* Assets.xcassets in Resources */ = {isa = PBXBuildFile; fileRef = 418F0BA523F7FBE4006BDD44 /* Assets.xcassets */; };
		418F0BA923F7FBE4006BDD44 /* LaunchScreen.storyboard in Resources */ = {isa = PBXBuildFile; fileRef = 418F0BA723F7FBE4006BDD44 /* LaunchScreen.storyboard */; };
		41F3D226240039DF003FCF69 /* Extensions.swift in Sources */ = {isa = PBXBuildFile; fileRef = 41F3D225240039DF003FCF69 /* Extensions.swift */; };
		98E0A7BFCC4940C1F0A847B1 /* Pods_InstagramClone.framework in Frameworks */ = {isa = PBXBuildFile; fileRef = BC668FA7D506C231DAB8ECFC /* Pods_InstagramClone.framework */; };
/* End PBXBuildFile section */

/* Begin PBXFileReference section */
		411C558C24030AF20063012C /* GoogleService-Info.plist */ = {isa = PBXFileReference; fileEncoding = 4; lastKnownFileType = text.plist.xml; path = "GoogleService-Info.plist"; sourceTree = "<group>"; };
		418F0B9623F7FBE3006BDD44 /* InstagramClone.app */ = {isa = PBXFileReference; explicitFileType = wrapper.application; includeInIndex = 0; path = InstagramClone.app; sourceTree = BUILT_PRODUCTS_DIR; };
		418F0B9923F7FBE3006BDD44 /* AppDelegate.swift */ = {isa = PBXFileReference; lastKnownFileType = sourcecode.swift; path = AppDelegate.swift; sourceTree = "<group>"; };
		418F0B9B23F7FBE3006BDD44 /* SceneDelegate.swift */ = {isa = PBXFileReference; lastKnownFileType = sourcecode.swift; path = SceneDelegate.swift; sourceTree = "<group>"; };
		418F0B9D23F7FBE3006BDD44 /* ViewController.swift */ = {isa = PBXFileReference; lastKnownFileType = sourcecode.swift; path = ViewController.swift; sourceTree = "<group>"; };
		418F0BA023F7FBE3006BDD44 /* Base */ = {isa = PBXFileReference; lastKnownFileType = file.storyboard; name = Base; path = Base.lproj/Main.storyboard; sourceTree = "<group>"; };
		418F0BA323F7FBE3006BDD44 /* InstagramClone.xcdatamodel */ = {isa = PBXFileReference; lastKnownFileType = wrapper.xcdatamodel; path = InstagramClone.xcdatamodel; sourceTree = "<group>"; };
		418F0BA523F7FBE4006BDD44 /* Assets.xcassets */ = {isa = PBXFileReference; lastKnownFileType = folder.assetcatalog; path = Assets.xcassets; sourceTree = "<group>"; };
		418F0BA823F7FBE4006BDD44 /* Base */ = {isa = PBXFileReference; lastKnownFileType = file.storyboard; name = Base; path = Base.lproj/LaunchScreen.storyboard; sourceTree = "<group>"; };
		418F0BAA23F7FBE4006BDD44 /* Info.plist */ = {isa = PBXFileReference; lastKnownFileType = text.plist.xml; path = Info.plist; sourceTree = "<group>"; };
		41F3D225240039DF003FCF69 /* Extensions.swift */ = {isa = PBXFileReference; lastKnownFileType = sourcecode.swift; path = Extensions.swift; sourceTree = "<group>"; };
		89F2AB4E0560214FC243C3CB /* Pods-InstagramClone.release.xcconfig */ = {isa = PBXFileReference; includeInIndex = 1; lastKnownFileType = text.xcconfig; name = "Pods-InstagramClone.release.xcconfig"; path = "Target Support Files/Pods-InstagramClone/Pods-InstagramClone.release.xcconfig"; sourceTree = "<group>"; };
		BC668FA7D506C231DAB8ECFC /* Pods_InstagramClone.framework */ = {isa = PBXFileReference; explicitFileType = wrapper.framework; includeInIndex = 0; path = Pods_InstagramClone.framework; sourceTree = BUILT_PRODUCTS_DIR; };
		F56C3B60D82615E35F8F9126 /* Pods-InstagramClone.debug.xcconfig */ = {isa = PBXFileReference; includeInIndex = 1; lastKnownFileType = text.xcconfig; name = "Pods-InstagramClone.debug.xcconfig"; path = "Target Support Files/Pods-InstagramClone/Pods-InstagramClone.debug.xcconfig"; sourceTree = "<group>"; };
/* End PBXFileReference section */

/* Begin PBXFrameworksBuildPhase section */
		418F0B9323F7FBE3006BDD44 /* Frameworks */ = {
			isa = PBXFrameworksBuildPhase;
			buildActionMask = 2147483647;
			files = (
				98E0A7BFCC4940C1F0A847B1 /* Pods_InstagramClone.framework in Frameworks */,
			);
			runOnlyForDeploymentPostprocessing = 0;
		};
/* End PBXFrameworksBuildPhase section */

/* Begin PBXGroup section */
		3EBA9D19E596EF5603D6B07A /* Pods */ = {
			isa = PBXGroup;
			children = (
				F56C3B60D82615E35F8F9126 /* Pods-InstagramClone.debug.xcconfig */,
				89F2AB4E0560214FC243C3CB /* Pods-InstagramClone.release.xcconfig */,
			);
			name = Pods;
			path = Pods;
			sourceTree = "<group>";
		};
		418F0B8D23F7FBE3006BDD44 = {
			isa = PBXGroup;
			children = (
				418F0B9823F7FBE3006BDD44 /* InstagramClone */,
				418F0B9723F7FBE3006BDD44 /* Products */,
				3EBA9D19E596EF5603D6B07A /* Pods */,
				E35208F8175EB3C440E7C925 /* Frameworks */,
			);
			sourceTree = "<group>";
		};
		418F0B9723F7FBE3006BDD44 /* Products */ = {
			isa = PBXGroup;
			children = (
				418F0B9623F7FBE3006BDD44 /* InstagramClone.app */,
			);
			name = Products;
			sourceTree = "<group>";
		};
		418F0B9823F7FBE3006BDD44 /* InstagramClone */ = {
			isa = PBXGroup;
			children = (
				41F3D22424003996003FCF69 /* utils */,
				418F0B9923F7FBE3006BDD44 /* AppDelegate.swift */,
				418F0B9B23F7FBE3006BDD44 /* SceneDelegate.swift */,
				418F0B9D23F7FBE3006BDD44 /* ViewController.swift */,
				418F0B9F23F7FBE3006BDD44 /* Main.storyboard */,
				418F0BA523F7FBE4006BDD44 /* Assets.xcassets */,
				418F0BA723F7FBE4006BDD44 /* LaunchScreen.storyboard */,
				418F0BAA23F7FBE4006BDD44 /* Info.plist */,
				411C558C24030AF20063012C /* GoogleService-Info.plist */,
				418F0BA223F7FBE3006BDD44 /* InstagramClone.xcdatamodeld */,
			);
			path = InstagramClone;
			sourceTree = "<group>";
		};
		41F3D22424003996003FCF69 /* utils */ = {
			isa = PBXGroup;
			children = (
				41F3D225240039DF003FCF69 /* Extensions.swift */,
			);
			path = utils;
			sourceTree = "<group>";
		};
		E35208F8175EB3C440E7C925 /* Frameworks */ = {
			isa = PBXGroup;
			children = (
				BC668FA7D506C231DAB8ECFC /* Pods_InstagramClone.framework */,
			);
			name = Frameworks;
			sourceTree = "<group>";
		};
/* End PBXGroup section */

/* Begin PBXNativeTarget section */
		418F0B9523F7FBE3006BDD44 /* InstagramClone */ = {
			isa = PBXNativeTarget;
			buildConfigurationList = 418F0BAD23F7FBE4006BDD44 /* Build configuration list for PBXNativeTarget "InstagramClone" */;
			buildPhases = (
				DAE4F640A8E35E1BAAF4CEEB /* [CP] Check Pods Manifest.lock */,
				418F0B9223F7FBE3006BDD44 /* Sources */,
				418F0B9323F7FBE3006BDD44 /* Frameworks */,
				418F0B9423F7FBE3006BDD44 /* Resources */,
				80A0358BF47231BE85C2B0E9 /* [CP] Embed Pods Frameworks */,
			);
			buildRules = (
			);
			dependencies = (
			);
			name = InstagramClone;
			productName = InstagramClone;
			productReference = 418F0B9623F7FBE3006BDD44 /* InstagramClone.app */;
			productType = "com.apple.product-type.application";
		};
/* End PBXNativeTarget section */

/* Begin PBXProject section */
		418F0B8E23F7FBE3006BDD44 /* Project object */ = {
			isa = PBXProject;
			attributes = {
				LastSwiftUpdateCheck = 1130;
				LastUpgradeCheck = 1130;
				ORGANIZATIONNAME = "mohammed balegh";
				TargetAttributes = {
					418F0B9523F7FBE3006BDD44 = {
						CreatedOnToolsVersion = 11.3.1;
					};
				};
			};
			buildConfigurationList = 418F0B9123F7FBE3006BDD44 /* Build configuration list for PBXProject "InstagramClone" */;
			compatibilityVersion = "Xcode 9.3";
			developmentRegion = en;
			hasScannedForEncodings = 0;
			knownRegions = (
				en,
				Base,
			);
			mainGroup = 418F0B8D23F7FBE3006BDD44;
			productRefGroup = 418F0B9723F7FBE3006BDD44 /* Products */;
			projectDirPath = "";
			projectRoot = "";
			targets = (
				418F0B9523F7FBE3006BDD44 /* InstagramClone */,
			);
		};
/* End PBXProject section */

/* Begin PBXResourcesBuildPhase section */
		418F0B9423F7FBE3006BDD44 /* Resources */ = {
			isa = PBXResourcesBuildPhase;
			buildActionMask = 2147483647;
			files = (
				418F0BA923F7FBE4006BDD44 /* LaunchScreen.storyboard in Resources */,
				411C558D24030AF20063012C /* GoogleService-Info.plist in Resources */,
				418F0BA623F7FBE4006BDD44 /* Assets.xcassets in Resources */,
				418F0BA123F7FBE3006BDD44 /* Main.storyboard in Resources */,
			);
			runOnlyForDeploymentPostprocessing = 0;
		};
/* End PBXResourcesBuildPhase section */

/* Begin PBXShellScriptBuildPhase section */
		80A0358BF47231BE85C2B0E9 /* [CP] Embed Pods Frameworks */ = {
			isa = PBXShellScriptBuildPhase;
			buildActionMask = 2147483647;
			files = (
			);
			inputFileListPaths = (
				"${PODS_ROOT}/Target Support Files/Pods-InstagramClone/Pods-InstagramClone-frameworks-${CONFIGURATION}-input-files.xcfilelist",
			);
			name = "[CP] Embed Pods Frameworks";
			outputFileListPaths = (
				"${PODS_ROOT}/Target Support Files/Pods-InstagramClone/Pods-InstagramClone-frameworks-${CONFIGURATION}-output-files.xcfilelist",
			);
			runOnlyForDeploymentPostprocessing = 0;
			shellPath = /bin/sh;
			shellScript = "\"${PODS_ROOT}/Target Support Files/Pods-InstagramClone/Pods-InstagramClone-frameworks.sh\"\n";
			showEnvVarsInLog = 0;
		};
		DAE4F640A8E35E1BAAF4CEEB /* [CP] Check Pods Manifest.lock */ = {
			isa = PBXShellScriptBuildPhase;
			buildActionMask = 2147483647;
			files = (
			);
			inputFileListPaths = (
			);
			inputPaths = (
				"${PODS_PODFILE_DIR_PATH}/Podfile.lock",
				"${PODS_ROOT}/Manifest.lock",
			);
			name = "[CP] Check Pods Manifest.lock";
			outputFileListPaths = (
			);
			outputPaths = (
				"$(DERIVED_FILE_DIR)/Pods-InstagramClone-checkManifestLockResult.txt",
			);
			runOnlyForDeploymentPostprocessing = 0;
			shellPath = /bin/sh;
			shellScript = "diff \"${PODS_PODFILE_DIR_PATH}/Podfile.lock\" \"${PODS_ROOT}/Manifest.lock\" > /dev/null\nif [ $? != 0 ] ; then\n    # print error to STDERR\n    echo \"error: The sandbox is not in sync with the Podfile.lock. Run 'pod install' or update your CocoaPods installation.\" >&2\n    exit 1\nfi\n# This output is used by Xcode 'outputs' to avoid re-running this script phase.\necho \"SUCCESS\" > \"${SCRIPT_OUTPUT_FILE_0}\"\n";
			showEnvVarsInLog = 0;
		};
/* End PBXShellScriptBuildPhase section */

/* Begin PBXSourcesBuildPhase section */
		418F0B9223F7FBE3006BDD44 /* Sources */ = {
			isa = PBXSourcesBuildPhase;
			buildActionMask = 2147483647;
			files = (
				41F3D226240039DF003FCF69 /* Extensions.swift in Sources */,
				418F0B9E23F7FBE3006BDD44 /* ViewController.swift in Sources */,
				418F0B9A23F7FBE3006BDD44 /* AppDelegate.swift in Sources */,
				418F0BA423F7FBE3006BDD44 /* InstagramClone.xcdatamodeld in Sources */,
				418F0B9C23F7FBE3006BDD44 /* SceneDelegate.swift in Sources */,
			);
			runOnlyForDeploymentPostprocessing = 0;
		};
/* End PBXSourcesBuildPhase section */

/* Begin PBXVariantGroup section */
		418F0B9F23F7FBE3006BDD44 /* Main.storyboard */ = {
			isa = PBXVariantGroup;
			children = (
				418F0BA023F7FBE3006BDD44 /* Base */,
			);
			name = Main.storyboard;
			sourceTree = "<group>";
		};
		418F0BA723F7FBE4006BDD44 /* LaunchScreen.storyboard */ = {
			isa = PBXVariantGroup;
			children = (
				418F0BA823F7FBE4006BDD44 /* Base */,
			);
			name = LaunchScreen.storyboard;
			sourceTree = "<group>";
		};
/* End PBXVariantGroup section */

/* Begin XCBuildConfiguration section */
		418F0BAB23F7FBE4006BDD44 /* Debug */ = {
			isa = XCBuildConfiguration;
			buildSettings = {
				ALWAYS_SEARCH_USER_PATHS = NO;
				CLANG_ANALYZER_NONNULL = YES;
				CLANG_ANALYZER_NUMBER_OBJECT_CONVERSION = YES_AGGRESSIVE;
				CLANG_CXX_LANGUAGE_STANDARD = "gnu++14";
				CLANG_CXX_LIBRARY = "libc++";
				CLANG_ENABLE_MODULES = YES;
				CLANG_ENABLE_OBJC_ARC = YES;
				CLANG_ENABLE_OBJC_WEAK = YES;
				CLANG_WARN_BLOCK_CAPTURE_AUTORELEASING = YES;
				CLANG_WARN_BOOL_CONVERSION = YES;
				CLANG_WARN_COMMA = YES;
				CLANG_WARN_CONSTANT_CONVERSION = YES;
				CLANG_WARN_DEPRECATED_OBJC_IMPLEMENTATIONS = YES;
				CLANG_WARN_DIRECT_OBJC_ISA_USAGE = YES_ERROR;
				CLANG_WARN_DOCUMENTATION_COMMENTS = YES;
				CLANG_WARN_EMPTY_BODY = YES;
				CLANG_WARN_ENUM_CONVERSION = YES;
				CLANG_WARN_INFINITE_RECURSION = YES;
				CLANG_WARN_INT_CONVERSION = YES;
				CLANG_WARN_NON_LITERAL_NULL_CONVERSION = YES;
				CLANG_WARN_OBJC_IMPLICIT_RETAIN_SELF = YES;
				CLANG_WARN_OBJC_LITERAL_CONVERSION = YES;
				CLANG_WARN_OBJC_ROOT_CLASS = YES_ERROR;
				CLANG_WARN_RANGE_LOOP_ANALYSIS = YES;
				CLANG_WARN_STRICT_PROTOTYPES = YES;
				CLANG_WARN_SUSPICIOUS_MOVE = YES;
				CLANG_WARN_UNGUARDED_AVAILABILITY = YES_AGGRESSIVE;
				CLANG_WARN_UNREACHABLE_CODE = YES;
				CLANG_WARN__DUPLICATE_METHOD_MATCH = YES;
				COPY_PHASE_STRIP = NO;
				DEBUG_INFORMATION_FORMAT = dwarf;
				ENABLE_STRICT_OBJC_MSGSEND = YES;
				ENABLE_TESTABILITY = YES;
				GCC_C_LANGUAGE_STANDARD = gnu11;
				GCC_DYNAMIC_NO_PIC = NO;
				GCC_NO_COMMON_BLOCKS = YES;
				GCC_OPTIMIZATION_LEVEL = 0;
				GCC_PREPROCESSOR_DEFINITIONS = (
					"DEBUG=1",
					"$(inherited)",
				);
				GCC_WARN_64_TO_32_BIT_CONVERSION = YES;
				GCC_WARN_ABOUT_RETURN_TYPE = YES_ERROR;
				GCC_WARN_UNDECLARED_SELECTOR = YES;
				GCC_WARN_UNINITIALIZED_AUTOS = YES_AGGRESSIVE;
				GCC_WARN_UNUSED_FUNCTION = YES;
				GCC_WARN_UNUSED_VARIABLE = YES;
				IPHONEOS_DEPLOYMENT_TARGET = 13.2;
				MTL_ENABLE_DEBUG_INFO = INCLUDE_SOURCE;
				MTL_FAST_MATH = YES;
				ONLY_ACTIVE_ARCH = YES;
				SDKROOT = iphoneos;
				SWIFT_ACTIVE_COMPILATION_CONDITIONS = DEBUG;
				SWIFT_OPTIMIZATION_LEVEL = "-Onone";
			};
			name = Debug;
		};
		418F0BAC23F7FBE4006BDD44 /* Release */ = {
			isa = XCBuildConfiguration;
			buildSettings = {
				ALWAYS_SEARCH_USER_PATHS = NO;
				CLANG_ANALYZER_NONNULL = YES;
				CLANG_ANALYZER_NUMBER_OBJECT_CONVERSION = YES_AGGRESSIVE;
				CLANG_CXX_LANGUAGE_STANDARD = "gnu++14";
				CLANG_CXX_LIBRARY = "libc++";
				CLANG_ENABLE_MODULES = YES;
				CLANG_ENABLE_OBJC_ARC = YES;
				CLANG_ENABLE_OBJC_WEAK = YES;
				CLANG_WARN_BLOCK_CAPTURE_AUTORELEASING = YES;
				CLANG_WARN_BOOL_CONVERSION = YES;
				CLANG_WARN_COMMA = YES;
				CLANG_WARN_CONSTANT_CONVERSION = YES;
				CLANG_WARN_DEPRECATED_OBJC_IMPLEMENTATIONS = YES;
				CLANG_WARN_DIRECT_OBJC_ISA_USAGE = YES_ERROR;
				CLANG_WARN_DOCUMENTATION_COMMENTS = YES;
				CLANG_WARN_EMPTY_BODY = YES;
				CLANG_WARN_ENUM_CONVERSION = YES;
				CLANG_WARN_INFINITE_RECURSION = YES;
				CLANG_WARN_INT_CONVERSION = YES;
				CLANG_WARN_NON_LITERAL_NULL_CONVERSION = YES;
				CLANG_WARN_OBJC_IMPLICIT_RETAIN_SELF = YES;
				CLANG_WARN_OBJC_LITERAL_CONVERSION = YES;
				CLANG_WARN_OBJC_ROOT_CLASS = YES_ERROR;
				CLANG_WARN_RANGE_LOOP_ANALYSIS = YES;
				CLANG_WARN_STRICT_PROTOTYPES = YES;
				CLANG_WARN_SUSPICIOUS_MOVE = YES;
				CLANG_WARN_UNGUARDED_AVAILABILITY = YES_AGGRESSIVE;
				CLANG_WARN_UNREACHABLE_CODE = YES;
				CLANG_WARN__DUPLICATE_METHOD_MATCH = YES;
				COPY_PHASE_STRIP = NO;
				DEBUG_INFORMATION_FORMAT = "dwarf-with-dsym";
				ENABLE_NS_ASSERTIONS = NO;
				ENABLE_STRICT_OBJC_MSGSEND = YES;
				GCC_C_LANGUAGE_STANDARD = gnu11;
				GCC_NO_COMMON_BLOCKS = YES;
				GCC_WARN_64_TO_32_BIT_CONVERSION = YES;
				GCC_WARN_ABOUT_RETURN_TYPE = YES_ERROR;
				GCC_WARN_UNDECLARED_SELECTOR = YES;
				GCC_WARN_UNINITIALIZED_AUTOS = YES_AGGRESSIVE;
				GCC_WARN_UNUSED_FUNCTION = YES;
				GCC_WARN_UNUSED_VARIABLE = YES;
				IPHONEOS_DEPLOYMENT_TARGET = 13.2;
				MTL_ENABLE_DEBUG_INFO = NO;
				MTL_FAST_MATH = YES;
				SDKROOT = iphoneos;
				SWIFT_COMPILATION_MODE = wholemodule;
				SWIFT_OPTIMIZATION_LEVEL = "-O";
				VALIDATE_PRODUCT = YES;
			};
			name = Release;
		};
		418F0BAE23F7FBE4006BDD44 /* Debug */ = {
			isa = XCBuildConfiguration;
			baseConfigurationReference = F56C3B60D82615E35F8F9126 /* Pods-InstagramClone.debug.xcconfig */;
			buildSettings = {
				ASSETCATALOG_COMPILER_APPICON_NAME = AppIcon;
				CODE_SIGN_STYLE = Automatic;
				DEVELOPMENT_TEAM = 5V7642F68F;
				INFOPLIST_FILE = InstagramClone/Info.plist;
				LD_RUNPATH_SEARCH_PATHS = (
					"$(inherited)",
					"@executable_path/Frameworks",
				);
				PRODUCT_BUNDLE_IDENTIFIER = none.InstagramClone;
				PRODUCT_NAME = "$(TARGET_NAME)";
				SWIFT_VERSION = 5.0;
				TARGETED_DEVICE_FAMILY = "1,2";
			};
			name = Debug;
		};
		418F0BAF23F7FBE4006BDD44 /* Release */ = {
			isa = XCBuildConfiguration;
			baseConfigurationReference = 89F2AB4E0560214FC243C3CB /* Pods-InstagramClone.release.xcconfig */;
			buildSettings = {
				ASSETCATALOG_COMPILER_APPICON_NAME = AppIcon;
				CODE_SIGN_STYLE = Automatic;
				DEVELOPMENT_TEAM = 5V7642F68F;
				INFOPLIST_FILE = InstagramClone/Info.plist;
				LD_RUNPATH_SEARCH_PATHS = (
					"$(inherited)",
					"@executable_path/Frameworks",
				);
				PRODUCT_BUNDLE_IDENTIFIER = none.InstagramClone;
				PRODUCT_NAME = "$(TARGET_NAME)";
				SWIFT_VERSION = 5.0;
				TARGETED_DEVICE_FAMILY = "1,2";
			};
			name = Release;
		};
/* End XCBuildConfiguration section */

/* Begin XCConfigurationList section */
		418F0B9123F7FBE3006BDD44 /* Build configuration list for PBXProject "InstagramClone" */ = {
			isa = XCConfigurationList;
			buildConfigurations = (
				418F0BAB23F7FBE4006BDD44 /* Debug */,
				418F0BAC23F7FBE4006BDD44 /* Release */,
			);
			defaultConfigurationIsVisible = 0;
			defaultConfigurationName = Release;
		};
		418F0BAD23F7FBE4006BDD44 /* Build configuration list for PBXNativeTarget "InstagramClone" */ = {
			isa = XCConfigurationList;
			buildConfigurations = (
				418F0BAE23F7FBE4006BDD44 /* Debug */,
				418F0BAF23F7FBE4006BDD44 /* Release */,
			);
			defaultConfigurationIsVisible = 0;
			defaultConfigurationName = Release;
		};
/* End XCConfigurationList section */

/* Begin XCVersionGroup section */
		418F0BA223F7FBE3006BDD44 /* InstagramClone.xcdatamodeld */ = {
			isa = XCVersionGroup;
			children = (
				418F0BA323F7FBE3006BDD44 /* InstagramClone.xcdatamodel */,
			);
			currentVersion = 418F0BA323F7FBE3006BDD44 /* InstagramClone.xcdatamodel */;
			path = InstagramClone.xcdatamodeld;
			sourceTree = "<group>";
			versionGroupType = wrapper.xcdatamodel;
		};
/* End XCVersionGroup section */
	};
	rootObject = 418F0B8E23F7FBE3006BDD44 /* Project object */;
}
